
Microsoft Visual Studio Solution File, Format Version 12.00
# Visual Studio Version 17
VisualStudioVersion = 17.3.32825.248
MinimumVisualStudioVersion = 10.0.40219.1
Project("{FAE04EC0-301F-11D3-BF4B-00C04F79EFBC}") = "SeparadorDeEndereco", "SeparadorDeEndereco\SeparadorDeEndereco.csproj", "{5615C991-1E75-4957-9DDA-778CB8E9E93F}"
EndProject
Global
	GlobalSection(SolutionConfigurationPlatforms) = preSolution
		Debug|Any CPU = Debug|Any CPU
		Release|Any CPU = Release|Any CPU
	EndGlobalSection
	GlobalSection(ProjectConfigurationPlatforms) = postSolution
		{5615C991-1E75-4957-9DDA-778CB8E9E93F}.Debug|Any CPU.ActiveCfg = Debug|Any CPU
		{5615C991-1E75-4957-9DDA-778CB8E9E93F}.Debug|Any CPU.Build.0 = Debug|Any CPU
		{5615C991-1E75-4957-9DDA-778CB8E9E93F}.Release|Any CPU.ActiveCfg = Release|Any CPU
		{5615C991-1E75-4957-9DDA-778CB8E9E93F}.Release|Any CPU.Build.0 = Release|Any CPU
	EndGlobalSection
	GlobalSection(SolutionProperties) = preSolution
		HideSolutionNode = FALSE
	EndGlobalSection
	GlobalSection(ExtensibilityGlobals) = postSolution
		SolutionGuid = {7BD5857B-B35B-4EB1-AC25-5FCAAD0A7611}
	EndGlobalSection
EndGlobal
